{
  "originHash" : "ed14fc9877b678b89c413ab99b1e2725c3093beadd39f1b9666c70408e043144",
  "pins" : [
    {
      "identity" : "onnxruntime-swift-package-manager",
      "kind" : "remoteSourceControl",
      "location" : "https://github.com/microsoft/onnxruntime-swift-package-manager",
      "state" : {
        "revision" : "b7fb7f7dea8a2469e6335d95a61b8f36d0dc83b2",
        "version" : "1.24.2"
      }
    }
  ],
  "version" : 3
}
